<?xml version="1.0" encoding="UTF-8" standalone="yes" ?>
<CodeBlocks_project_file>
	<FileVersion major="1" minor="6" />
	<Project>
		<Option title="HelloWorld" />
		<Option pch_mode="2" />
		<Option compiler="gcc" />
		<Build>
			<Target title="Debug">
				<Option output="bin/Debug/HelloWorld" prefix_auto="1" extension_auto="1" />
				<Option object_output="obj/Debug/" />
				<Option type="1" />
				<Option compiler="gcc" />
				<Compiler>
					<Add option="-g" />
				</Compiler>
			</Target>
			<Target title="Release">
				<Option output="bin/Release/HelloWorld" prefix_auto="1" extension_auto="1" />
				<Option object_output="obj/Release/" />
				<Option type="1" />
				<Option compiler="gcc" />
				<Compiler>
					<Add option="-O2" />
				</Compiler>
				<Linker>
					<Add option="-s" />
				</Linker>
			</Target>
		</Build>
		<Compiler>
			<Add option="-Wall" />
			<Add option="-fexceptions" />
			<Add option="-DGLEW_STATIC" />
			<Add directory="include" />
		</Compiler>
		<Linker>
			<Add library="glew32" />
			<Add library="glfw3" />
			<Add library="opengl32" />
			<Add library="glu32" />
			<Add library="gdi32" />
		</Linker>
		<Unit filename="include/camera.h" />
		<Unit filename="include/drawable.h" />
		<Unit filename="include/grid.h" />
		<Unit filename="include/input.h" />
		<Unit filename="include/level.h" />
		<Unit filename="include/loop.h" />
		<Unit filename="include/pc.h" />
		<Unit filename="src/camera.cpp" />
		<Unit filename="src/grid.cpp" />
		<Unit filename="src/input.cpp" />
		<Unit filename="src/level.cpp" />
		<Unit filename="src/loop.cpp" />
		<Unit filename="src/main.cpp" />
		<Unit filename="src/pc.cpp" />
		<Extensions>
			<code_completion />
			<envvars />
			<debugger />
		</Extensions>
	</Project>
</CodeBlocks_project_file>
